
Microsoft Visual Studio Solution File, Format Version 12.00
# Visual Studio 15
VisualStudioVersion = 15.0.28307.1433
MinimumVisualStudioVersion = 10.0.40219.1
Project("{9A19103F-16F7-4668-BE54-9A1E7A4F7556}") = "DemoFunction", "DemoFunction\DemoFunction.csproj", "{F5BCFCC6-C5B3-494B-B180-208AF1FC522F}"
EndProject
Global
	GlobalSection(SolutionConfigurationPlatforms) = preSolution
		Debug|Any CPU = Debug|Any CPU
		Release|Any CPU = Release|Any CPU
	EndGlobalSection
	GlobalSection(ProjectConfigurationPlatforms) = postSolution
		{F5BCFCC6-C5B3-494B-B180-208AF1FC522F}.Debug|Any CPU.ActiveCfg = Debug|Any CPU
		{F5BCFCC6-C5B3-494B-B180-208AF1FC522F}.Debug|Any CPU.Build.0 = Debug|Any CPU
		{F5BCFCC6-C5B3-494B-B180-208AF1FC522F}.Release|Any CPU.ActiveCfg = Release|Any CPU
		{F5BCFCC6-C5B3-494B-B180-208AF1FC522F}.Release|Any CPU.Build.0 = Release|Any CPU
	EndGlobalSection
	GlobalSection(SolutionProperties) = preSolution
		HideSolutionNode = FALSE
	EndGlobalSection
	GlobalSection(ExtensibilityGlobals) = postSolution
		SolutionGuid = {B69E91C3-7B31-493A-828F-2A304BD834E6}
	EndGlobalSection
EndGlobal
